
Microsoft Visual Studio Solution File, Format Version 11.00
# Visual C++ Express 2010
Project("{8BC9CEB8-8B4A-11D0-8D11-00A0C91BC942}") = "BCDenoising", "BCDenoising\BCDenoising.vcxproj", "{3872AFB0-BD5D-4713-982B-16E41A8027FF}"
EndProject
Global
	GlobalSection(SolutionConfigurationPlatforms) = preSolution
		Debug|Win32 = Debug|Win32
		Release|Win32 = Release|Win32
	EndGlobalSection
	GlobalSection(ProjectConfigurationPlatforms) = postSolution
		{3872AFB0-BD5D-4713-982B-16E41A8027FF}.Debug|Win32.ActiveCfg = Debug|Win32
		{3872AFB0-BD5D-4713-982B-16E41A8027FF}.Debug|Win32.Build.0 = Debug|Win32
		{3872AFB0-BD5D-4713-982B-16E41A8027FF}.Release|Win32.ActiveCfg = Release|Win32
		{3872AFB0-BD5D-4713-982B-16E41A8027FF}.Release|Win32.Build.0 = Release|Win32
	EndGlobalSection
	GlobalSection(SolutionProperties) = preSolution
		HideSolutionNode = FALSE
	EndGlobalSection
EndGlobal
